
Microsoft Visual Studio Solution File, Format Version 12.00
# Visual Studio Version 16
VisualStudioVersion = 16.0.29728.190
MinimumVisualStudioVersion = 10.0.40219.1
Project("{9A19103F-16F7-4668-BE54-9A1E7A4F7556}") = "PP.Web.Api", "PP Web API\PP.Web.Api.csproj", "{E50136D3-DA5B-4822-94B3-D57AC8AE16D6}"
EndProject
Project("{E24C65DC-7377-472B-9ABA-BC803B73C61A}") = "PP.Web.Client", "PP.Web.Client\", "{40F633D3-5D44-48EC-AE86-F418F1A7C68B}"
	ProjectSection(WebsiteProperties) = preProject
		TargetFrameworkMoniker = ".NETFramework,Version%3Dv4.0"
		Debug.AspNetCompiler.VirtualPath = "/localhost_56912"
		Debug.AspNetCompiler.PhysicalPath = "PP.Web.Client\"
		Debug.AspNetCompiler.TargetPath = "PrecompiledWeb\localhost_56912\"
		Debug.AspNetCompiler.Updateable = "true"
		Debug.AspNetCompiler.ForceOverwrite = "true"
		Debug.AspNetCompiler.FixedNames = "false"
		Debug.AspNetCompiler.Debug = "True"
		Release.AspNetCompiler.VirtualPath = "/localhost_56912"
		Release.AspNetCompiler.PhysicalPath = "PP.Web.Client\"
		Release.AspNetCompiler.TargetPath = "PrecompiledWeb\localhost_56912\"
		Release.AspNetCompiler.Updateable = "true"
		Release.AspNetCompiler.ForceOverwrite = "true"
		Release.AspNetCompiler.FixedNames = "false"
		Release.AspNetCompiler.Debug = "False"
		VWDPort = "56912"
	EndProjectSection
EndProject
Global
	GlobalSection(SolutionConfigurationPlatforms) = preSolution
		Debug|Any CPU = Debug|Any CPU
		Release|Any CPU = Release|Any CPU
	EndGlobalSection
	GlobalSection(ProjectConfigurationPlatforms) = postSolution
		{E50136D3-DA5B-4822-94B3-D57AC8AE16D6}.Debug|Any CPU.ActiveCfg = Debug|Any CPU
		{E50136D3-DA5B-4822-94B3-D57AC8AE16D6}.Debug|Any CPU.Build.0 = Debug|Any CPU
		{E50136D3-DA5B-4822-94B3-D57AC8AE16D6}.Release|Any CPU.ActiveCfg = Release|Any CPU
		{E50136D3-DA5B-4822-94B3-D57AC8AE16D6}.Release|Any CPU.Build.0 = Release|Any CPU
		{40F633D3-5D44-48EC-AE86-F418F1A7C68B}.Debug|Any CPU.ActiveCfg = Debug|Any CPU
		{40F633D3-5D44-48EC-AE86-F418F1A7C68B}.Debug|Any CPU.Build.0 = Debug|Any CPU
		{40F633D3-5D44-48EC-AE86-F418F1A7C68B}.Release|Any CPU.ActiveCfg = Debug|Any CPU
		{40F633D3-5D44-48EC-AE86-F418F1A7C68B}.Release|Any CPU.Build.0 = Debug|Any CPU
	EndGlobalSection
	GlobalSection(SolutionProperties) = preSolution
		HideSolutionNode = FALSE
	EndGlobalSection
	GlobalSection(ExtensibilityGlobals) = postSolution
		SolutionGuid = {953BC6E7-1284-499C-9713-83D90376AF7E}
	EndGlobalSection
EndGlobal
